// !$*UTF8*$!
{
	archiveVersion = 1;
	classes = {
	};
	objectVersion = 77;
	objects = {

/* Begin PBXBuildFile section */
		07B0552C2FD7EE2100CB702C /* TwilioVoice in Frameworks */ = {isa = PBXBuildFile; productRef = 07B0552B2FD7EE2100CB702C /* TwilioVoice */; };
/* End PBXBuildFile section */

/* Begin PBXContainerItemProxy section */
		07B0550E2FD7E7F800CB702C /* PBXContainerItemProxy */ = {
			isa = PBXContainerItemProxy;
			containerPortal = 07B054F82FD7E7F600CB702C /* Project object */;
			proxyType = 1;
			remoteGlobalIDString = 07B054FF2FD7E7F600CB702C;
			remoteInfo = "twilio-ios-voice-test";
		};
		07B055182FD7E7F800CB702C /* PBXContainerItemProxy */ = {
			isa = PBXContainerItemProxy;
			containerPortal = 07B054F82FD7E7F600CB702C /* Project object */;
			proxyType = 1;
			remoteGlobalIDString = 07B054FF2FD7E7F600CB702C;
			remoteInfo = "twilio-ios-voice-test";
		};
/* End PBXContainerItemProxy section */

/* Begin PBXFileReference section */
		07B055002FD7E7F600CB702C /* twilio-ios-voice-test.app */ = {isa = PBXFileReference; explicitFileType = wrapper.application; includeInIndex = 0; path = "twilio-ios-voice-test.app"; sourceTree = BUILT_PRODUCTS_DIR; };
		07B0550D2FD7E7F800CB702C /* twilio-ios-voice-testTests.xctest */ = {isa = PBXFileReference; explicitFileType = wrapper.cfbundle; includeInIndex = 0; path = "twilio-ios-voice-testTests.xctest"; sourceTree = BUILT_PRODUCTS_DIR; };
		07B055172FD7E7F800CB702C /* twilio-ios-voice-testUITests.xctest */ = {isa = PBXFileReference; explicitFileType = wrapper.cfbundle; includeInIndex = 0; path = "twilio-ios-voice-testUITests.xctest"; sourceTree = BUILT_PRODUCTS_DIR; };
/* End PBXFileReference section */

/* Begin PBXFileSystemSynchronizedRootGroup section */
		07B055022FD7E7F600CB702C /* twilio-ios-voice-test */ = {
			isa = PBXFileSystemSynchronizedRootGroup;
			path = "twilio-ios-voice-test";
			sourceTree = "<group>";
		};
		07B055102FD7E7F800CB702C /* twilio-ios-voice-testTests */ = {
			isa = PBXFileSystemSynchronizedRootGroup;
			path = "twilio-ios-voice-testTests";
			sourceTree = "<group>";
		};
		07B0551A2FD7E7F800CB702C /* twilio-ios-voice-testUITests */ = {
			isa = PBXFileSystemSynchronizedRootGroup;
			path = "twilio-ios-voice-testUITests";
			sourceTree = "<group>";
		};
/* End PBXFileSystemSynchronizedRootGroup section */

/* Begin PBXFrameworksBuildPhase section */
		07B054FD2FD7E7F600CB702C /* Frameworks */ = {
			isa = PBXFrameworksBuildPhase;
			buildActionMask = 2147483647;
			files = (
				07B0552C2FD7EE2100CB702C /* TwilioVoice in Frameworks */,
			);
			runOnlyForDeploymentPostprocessing = 0;
		};
		07B0550A2FD7E7F800CB702C /* Frameworks */ = {
			isa = PBXFrameworksBuildPhase;
			buildActionMask = 2147483647;
			files = (
			);
			runOnlyForDeploymentPostprocessing = 0;
		};
		07B055142FD7E7F800CB702C /* Frameworks */ = {
			isa = PBXFrameworksBuildPhase;
			buildActionMask = 2147483647;
			files = (
			);
			runOnlyForDeploymentPostprocessing = 0;
		};
/* End PBXFrameworksBuildPhase section */

/* Begin PBXGroup section */
		07B054F72FD7E7F600CB702C = {
			isa = PBXGroup;
			children = (
				07B055022FD7E7F600CB702C /* twilio-ios-voice-test */,
				07B055102FD7E7F800CB702C /* twilio-ios-voice-testTests */,
				07B0551A2FD7E7F800CB702C /* twilio-ios-voice-testUITests */,
				07B055012FD7E7F600CB702C /* Products */,
			);
			sourceTree = "<group>";
		};
		07B055012FD7E7F600CB702C /* Products */ = {
			isa = PBXGroup;
			children = (
				07B055002FD7E7F600CB702C /* twilio-ios-voice-test.app */,
				07B0550D2FD7E7F800CB702C /* twilio-ios-voice-testTests.xctest */,
				07B055172FD7E7F800CB702C /* twilio-ios-voice-testUITests.xctest */,
			);
			name = Products;
			sourceTree = "<group>";
		};
/* End PBXGroup section */

/* Begin PBXNativeTarget section */
		07B054FF2FD7E7F600CB702C /* twilio-ios-voice-test */ = {
			isa = PBXNativeTarget;
			buildConfigurationList = 07B055212FD7E7F800CB702C /* Build configuration list for PBXNativeTarget "twilio-ios-voice-test" */;
			buildPhases = (
				07B054FC2FD7E7F600CB702C /* Sources */,
				07B054FD2FD7E7F600CB702C /* Frameworks */,
				07B054FE2FD7E7F600CB702C /* Resources */,
			);
			buildRules = (
			);
			dependencies = (
			);
			fileSystemSynchronizedGroups = (
				07B055022FD7E7F600CB702C /* twilio-ios-voice-test */,
			);
			name = "twilio-ios-voice-test";
			packageProductDependencies = (
				07B0552B2FD7EE2100CB702C /* TwilioVoice */,
			);
			productName = "twilio-ios-voice-test";
			productReference = 07B055002FD7E7F600CB702C /* twilio-ios-voice-test.app */;
			productType = "com.apple.product-type.application";
		};
		07B0550C2FD7E7F800CB702C /* twilio-ios-voice-testTests */ = {
			isa = PBXNativeTarget;
			buildConfigurationList = 07B055242FD7E7F800CB702C /* Build configuration list for PBXNativeTarget "twilio-ios-voice-testTests" */;
			buildPhases = (
				07B055092FD7E7F800CB702C /* Sources */,
				07B0550A2FD7E7F800CB702C /* Frameworks */,
				07B0550B2FD7E7F800CB702C /* Resources */,
			);
			buildRules = (
			);
			dependencies = (
				07B0550F2FD7E7F800CB702C /* PBXTargetDependency */,
			);
			fileSystemSynchronizedGroups = (
				07B055102FD7E7F800CB702C /* twilio-ios-voice-testTests */,
			);
			name = "twilio-ios-voice-testTests";
			packageProductDependencies = (
			);
			productName = "twilio-ios-voice-testTests";
			productReference = 07B0550D2FD7E7F800CB702C /* twilio-ios-voice-testTests.xctest */;
			productType = "com.apple.product-type.bundle.unit-test";
		};
		07B055162FD7E7F800CB702C /* twilio-ios-voice-testUITests */ = {
			isa = PBXNativeTarget;
			buildConfigurationList = 07B055272FD7E7F800CB702C /* Build configuration list for PBXNativeTarget "twilio-ios-voice-testUITests" */;
			buildPhases = (
				07B055132FD7E7F800CB702C /* Sources */,
				07B055142FD7E7F800CB702C /* Frameworks */,
				07B055152FD7E7F800CB702C /* Resources */,
			);
			buildRules = (
			);
			dependencies = (
				07B055192FD7E7F800CB702C /* PBXTargetDependency */,
			);
			fileSystemSynchronizedGroups = (
				07B0551A2FD7E7F800CB702C /* twilio-ios-voice-testUITests */,
			);
			name = "twilio-ios-voice-testUITests";
			packageProductDependencies = (
			);
			productName = "twilio-ios-voice-testUITests";
			productReference = 07B055172FD7E7F800CB702C /* twilio-ios-voice-testUITests.xctest */;
			productType = "com.apple.product-type.bundle.ui-testing";
		};
/* End PBXNativeTarget section */

/* Begin PBXProject section */
		07B054F82FD7E7F600CB702C /* Project object */ = {
			isa = PBXProject;
			attributes = {
				BuildIndependentTargetsInParallel = 1;
				LastSwiftUpdateCheck = 2640;
				LastUpgradeCheck = 2640;
				TargetAttributes = {
					07B054FF2FD7E7F600CB702C = {
						CreatedOnToolsVersion = 26.4.1;
					};
					07B0550C2FD7E7F800CB702C = {
						CreatedOnToolsVersion = 26.4.1;
						TestTargetID = 07B054FF2FD7E7F600CB702C;
					};
					07B055162FD7E7F800CB702C = {
						CreatedOnToolsVersion = 26.4.1;
						TestTargetID = 07B054FF2FD7E7F600CB702C;
					};
				};
			};
			buildConfigurationList = 07B054FB2FD7E7F600CB702C /* Build configuration list for PBXProject "twilio-ios-voice-test" */;
			developmentRegion = en;
			hasScannedForEncodings = 0;
			knownRegions = (
				en,
				Base,
			);
			mainGroup = 07B054F72FD7E7F600CB702C;
			minimizedProjectReferenceProxies = 1;
			packageReferences = (
				07B0552A2FD7EE2100CB702C /* XCRemoteSwiftPackageReference "twilio-voice-ios" */,
			);
			preferredProjectObjectVersion = 77;
			productRefGroup = 07B055012FD7E7F600CB702C /* Products */;
			projectDirPath = "";
			projectRoot = "";
			targets = (
				07B054FF2FD7E7F600CB702C /* twilio-ios-voice-test */,
				07B0550C2FD7E7F800CB702C /* twilio-ios-voice-testTests */,
				07B055162FD7E7F800CB702C /* twilio-ios-voice-testUITests */,
			);
		};
/* End PBXProject section */

/* Begin PBXResourcesBuildPhase section */
		07B054FE2FD7E7F600CB702C /* Resources */ = {
			isa = PBXResourcesBuildPhase;
			buildActionMask = 2147483647;
			files = (
			);
			runOnlyForDeploymentPostprocessing = 0;
		};
		07B0550B2FD7E7F800CB702C /* Resources */ = {
			isa = PBXResourcesBuildPhase;
			buildActionMask = 2147483647;
			files = (
			);
			runOnlyForDeploymentPostprocessing = 0;
		};
		07B055152FD7E7F800CB702C /* Resources */ = {
			isa = PBXResourcesBuildPhase;
			buildActionMask = 2147483647;
			files = (
			);
			runOnlyForDeploymentPostprocessing = 0;
		};
/* End PBXResourcesBuildPhase section */

/* Begin PBXSourcesBuildPhase section */
		07B054FC2FD7E7F600CB702C /* Sources */ = {
			isa = PBXSourcesBuildPhase;
			buildActionMask = 2147483647;
			files = (
			);
			runOnlyForDeploymentPostprocessing = 0;
		};
		07B055092FD7E7F800CB702C /* Sources */ = {
			isa = PBXSourcesBuildPhase;
			buildActionMask = 2147483647;
			files = (
			);
			runOnlyForDeploymentPostprocessing = 0;
		};
		07B055132FD7E7F800CB702C /* Sources */ = {
			isa = PBXSourcesBuildPhase;
			buildActionMask = 2147483647;
			files = (
			);
			runOnlyForDeploymentPostprocessing = 0;
		};
/* End PBXSourcesBuildPhase section */

/* Begin PBXTargetDependency section */
		07B0550F2FD7E7F800CB702C /* PBXTargetDependency */ = {
			isa = PBXTargetDependency;
			target = 07B054FF2FD7E7F600CB702C /* twilio-ios-voice-test */;
			targetProxy = 07B0550E2FD7E7F800CB702C /* PBXContainerItemProxy */;
		};
		07B055192FD7E7F800CB702C /* PBXTargetDependency */ = {
			isa = PBXTargetDependency;
			target = 07B054FF2FD7E7F600CB702C /* twilio-ios-voice-test */;
			targetProxy = 07B055182FD7E7F800CB702C /* PBXContainerItemProxy */;
		};
/* End PBXTargetDependency section */

/* Begin XCBuildConfiguration section */
		07B0551F2FD7E7F800CB702C /* Debug */ = {
			isa = XCBuildConfiguration;
			buildSettings = {
				ALWAYS_SEARCH_USER_PATHS = NO;
				ASSETCATALOG_COMPILER_GENERATE_SWIFT_ASSET_SYMBOL_EXTENSIONS = YES;
				CLANG_ANALYZER_NONNULL = YES;
				CLANG_ANALYZER_NUMBER_OBJECT_CONVERSION = YES_AGGRESSIVE;
				CLANG_CXX_LANGUAGE_STANDARD = "gnu++20";
				CLANG_ENABLE_MODULES = YES;
				CLANG_ENABLE_OBJC_ARC = YES;
				CLANG_ENABLE_OBJC_WEAK = YES;
				CLANG_WARN_BLOCK_CAPTURE_AUTORELEASING = YES;
				CLANG_WARN_BOOL_CONVERSION = YES;
				CLANG_WARN_COMMA = YES;
				CLANG_WARN_CONSTANT_CONVERSION = YES;
				CLANG_WARN_DEPRECATED_OBJC_IMPLEMENTATIONS = YES;
				CLANG_WARN_DIRECT_OBJC_ISA_USAGE = YES_ERROR;
				CLANG_WARN_DOCUMENTATION_COMMENTS = YES;
				CLANG_WARN_EMPTY_BODY = YES;
				CLANG_WARN_ENUM_CONVERSION = YES;
				CLANG_WARN_INFINITE_RECURSION = YES;
				CLANG_WARN_INT_CONVERSION = YES;
				CLANG_WARN_NON_LITERAL_NULL_CONVERSION = YES;
				CLANG_WARN_OBJC_IMPLICIT_RETAIN_SELF = YES;
				CLANG_WARN_OBJC_LITERAL_CONVERSION = YES;
				CLANG_WARN_OBJC_ROOT_CLASS = YES_ERROR;
				CLANG_WARN_QUOTED_INCLUDE_IN_FRAMEWORK_HEADER = YES;
				CLANG_WARN_RANGE_LOOP_ANALYSIS = YES;
				CLANG_WARN_STRICT_PROTOTYPES = YES;
				CLANG_WARN_SUSPICIOUS_MOVE = YES;
				CLANG_WARN_UNGUARDED_AVAILABILITY = YES_AGGRESSIVE;
				CLANG_WARN_UNREACHABLE_CODE = YES;
				CLANG_WARN__DUPLICATE_METHOD_MATCH = YES;
				COPY_PHASE_STRIP = NO;
				DEBUG_INFORMATION_FORMAT = dwarf;
				DEVELOPMENT_TEAM = 3F5UFH475Z;
				ENABLE_STRICT_OBJC_MSGSEND = YES;
				ENABLE_TESTABILITY = YES;
				ENABLE_USER_SCRIPT_SANDBOXING = YES;
				GCC_C_LANGUAGE_STANDARD = gnu17;
				GCC_DYNAMIC_NO_PIC = NO;
				GCC_NO_COMMON_BLOCKS = YES;
				GCC_OPTIMIZATION_LEVEL = 0;
				GCC_PREPROCESSOR_DEFINITIONS = (
					"DEBUG=1",
					"$(inherited)",
				);
				GCC_WARN_64_TO_32_BIT_CONVERSION = YES;
				GCC_WARN_ABOUT_RETURN_TYPE = YES_ERROR;
				GCC_WARN_UNDECLARED_SELECTOR = YES;
				GCC_WARN_UNINITIALIZED_AUTOS = YES_AGGRESSIVE;
				GCC_WARN_UNUSED_FUNCTION = YES;
				GCC_WARN_UNUSED_VARIABLE = YES;
				IPHONEOS_DEPLOYMENT_TARGET = 17.0;
				LOCALIZATION_PREFERS_STRING_CATALOGS = YES;
				MTL_ENABLE_DEBUG_INFO = INCLUDE_SOURCE;
				MTL_FAST_MATH = YES;
				ONLY_ACTIVE_ARCH = YES;
				SDKROOT = iphoneos;
				SWIFT_ACTIVE_COMPILATION_CONDITIONS = "DEBUG $(inherited)";
				SWIFT_OPTIMIZATION_LEVEL = "-Onone";
			};
			name = Debug;
		};
		07B055202FD7E7F800CB702C /* Release */ = {
			isa = XCBuildConfiguration;
			buildSettings = {
				ALWAYS_SEARCH_USER_PATHS = NO;
				ASSETCATALOG_COMPILER_GENERATE_SWIFT_ASSET_SYMBOL_EXTENSIONS = YES;
				CLANG_ANALYZER_NONNULL = YES;
				CLANG_ANALYZER_NUMBER_OBJECT_CONVERSION = YES_AGGRESSIVE;
				CLANG_CXX_LANGUAGE_STANDARD = "gnu++20";
				CLANG_ENABLE_MODULES = YES;
				CLANG_ENABLE_OBJC_ARC = YES;
				CLANG_ENABLE_OBJC_WEAK = YES;
				CLANG_WARN_BLOCK_CAPTURE_AUTORELEASING = YES;
				CLANG_WARN_BOOL_CONVERSION = YES;
				CLANG_WARN_COMMA = YES;
				CLANG_WARN_CONSTANT_CONVERSION = YES;
				CLANG_WARN_DEPRECATED_OBJC_IMPLEMENTATIONS = YES;
				CLANG_WARN_DIRECT_OBJC_ISA_USAGE = YES_ERROR;
				CLANG_WARN_DOCUMENTATION_COMMENTS = YES;
				CLANG_WARN_EMPTY_BODY = YES;
				CLANG_WARN_ENUM_CONVERSION = YES;
				CLANG_WARN_INFINITE_RECURSION = YES;
				CLANG_WARN_INT_CONVERSION = YES;
				CLANG_WARN_NON_LITERAL_NULL_CONVERSION = YES;
				CLANG_WARN_OBJC_IMPLICIT_RETAIN_SELF = YES;
				CLANG_WARN_OBJC_LITERAL_CONVERSION = YES;
				CLANG_WARN_OBJC_ROOT_CLASS = YES_ERROR;
				CLANG_WARN_QUOTED_INCLUDE_IN_FRAMEWORK_HEADER = YES;
				CLANG_WARN_RANGE_LOOP_ANALYSIS = YES;
				CLANG_WARN_STRICT_PROTOTYPES = YES;
				CLANG_WARN_SUSPICIOUS_MOVE = YES;
				CLANG_WARN_UNGUARDED_AVAILABILITY = YES_AGGRESSIVE;
				CLANG_WARN_UNREACHABLE_CODE = YES;
				CLANG_WARN__DUPLICATE_METHOD_MATCH = YES;
				COPY_PHASE_STRIP = NO;
				DEBUG_INFORMATION_FORMAT = "dwarf-with-dsym";
				DEVELOPMENT_TEAM = 3F5UFH475Z;
				ENABLE_NS_ASSERTIONS = NO;
				ENABLE_STRICT_OBJC_MSGSEND = YES;
				ENABLE_USER_SCRIPT_SANDBOXING = YES;
				GCC_C_LANGUAGE_STANDARD = gnu17;
				GCC_NO_COMMON_BLOCKS = YES;
				GCC_WARN_64_TO_32_BIT_CONVERSION = YES;
				GCC_WARN_ABOUT_RETURN_TYPE = YES_ERROR;
				GCC_WARN_UNDECLARED_SELECTOR = YES;
				GCC_WARN_UNINITIALIZED_AUTOS = YES_AGGRESSIVE;
				GCC_WARN_UNUSED_FUNCTION = YES;
				GCC_WARN_UNUSED_VARIABLE = YES;
				IPHONEOS_DEPLOYMENT_TARGET = 17.0;
				LOCALIZATION_PREFERS_STRING_CATALOGS = YES;
				MTL_ENABLE_DEBUG_INFO = NO;
				MTL_FAST_MATH = YES;
				SDKROOT = iphoneos;
				SWIFT_COMPILATION_MODE = wholemodule;
				VALIDATE_PRODUCT = YES;
			};
			name = Release;
		};
		07B055222FD7E7F800CB702C /* Debug */ = {
			isa = XCBuildConfiguration;
			buildSettings = {
				ASSETCATALOG_COMPILER_APPICON_NAME = AppIcon;
				ASSETCATALOG_COMPILER_GLOBAL_ACCENT_COLOR_NAME = AccentColor;
				CODE_SIGN_STYLE = Automatic;
				CURRENT_PROJECT_VERSION = 1;
				DEVELOPMENT_TEAM = 3F5UFH475Z;
				ENABLE_PREVIEWS = YES;
				GENERATE_INFOPLIST_FILE = YES;
				INFOPLIST_KEY_NSMicrophoneUsageDescription = "Microphone access is used for outbound voice calls.";
				INFOPLIST_KEY_UIApplicationSceneManifest_Generation = YES;
				INFOPLIST_KEY_UIApplicationSupportsIndirectInputEvents = YES;
				INFOPLIST_KEY_UILaunchScreen_Generation = YES;
				INFOPLIST_KEY_UISupportedInterfaceOrientations_iPad = "UIInterfaceOrientationPortrait UIInterfaceOrientationPortraitUpsideDown UIInterfaceOrientationLandscapeLeft UIInterfaceOrientationLandscapeRight";
				INFOPLIST_KEY_UISupportedInterfaceOrientations_iPhone = "UIInterfaceOrientationPortrait UIInterfaceOrientationLandscapeLeft UIInterfaceOrientationLandscapeRight";
				LD_RUNPATH_SEARCH_PATHS = (
					"$(inherited)",
					"@executable_path/Frameworks",
				);
				MARKETING_VERSION = 1.0;
				PRODUCT_BUNDLE_IDENTIFIER = "com.yoshimura.twilio-ios-voice-test";
				PRODUCT_NAME = "$(TARGET_NAME)";
				STRING_CATALOG_GENERATE_SYMBOLS = YES;
				SWIFT_APPROACHABLE_CONCURRENCY = YES;
				SWIFT_DEFAULT_ACTOR_ISOLATION = MainActor;
				SWIFT_EMIT_LOC_STRINGS = YES;
				SWIFT_OBJC_BRIDGING_HEADER = "twilio-ios-voice-test/BridgingHeader.h";
				SWIFT_UPCOMING_FEATURE_MEMBER_IMPORT_VISIBILITY = YES;
				SWIFT_VERSION = 5.0;
				TARGETED_DEVICE_FAMILY = "1,2";
			};
			name = Debug;
		};
		07B055232FD7E7F800CB702C /* Release */ = {
			isa = XCBuildConfiguration;
			buildSettings = {
				ASSETCATALOG_COMPILER_APPICON_NAME = AppIcon;
				ASSETCATALOG_COMPILER_GLOBAL_ACCENT_COLOR_NAME = AccentColor;
				CODE_SIGN_STYLE = Automatic;
				CURRENT_PROJECT_VERSION = 1;
				DEVELOPMENT_TEAM = 3F5UFH475Z;
				ENABLE_PREVIEWS = YES;
				GENERATE_INFOPLIST_FILE = YES;
				INFOPLIST_KEY_NSMicrophoneUsageDescription = "Microphone access is used for outbound voice calls.";
				INFOPLIST_KEY_UIApplicationSceneManifest_Generation = YES;
				INFOPLIST_KEY_UIApplicationSupportsIndirectInputEvents = YES;
				INFOPLIST_KEY_UILaunchScreen_Generation = YES;
				INFOPLIST_KEY_UISupportedInterfaceOrientations_iPad = "UIInterfaceOrientationPortrait UIInterfaceOrientationPortraitUpsideDown UIInterfaceOrientationLandscapeLeft UIInterfaceOrientationLandscapeRight";
				INFOPLIST_KEY_UISupportedInterfaceOrientations_iPhone = "UIInterfaceOrientationPortrait UIInterfaceOrientationLandscapeLeft UIInterfaceOrientationLandscapeRight";
				LD_RUNPATH_SEARCH_PATHS = (
					"$(inherited)",
					"@executable_path/Frameworks",
				);
				MARKETING_VERSION = 1.0;
				PRODUCT_BUNDLE_IDENTIFIER = "com.yoshimura.twilio-ios-voice-test";
				PRODUCT_NAME = "$(TARGET_NAME)";
				STRING_CATALOG_GENERATE_SYMBOLS = YES;
				SWIFT_APPROACHABLE_CONCURRENCY = YES;
				SWIFT_DEFAULT_ACTOR_ISOLATION = MainActor;
				SWIFT_EMIT_LOC_STRINGS = YES;
				SWIFT_OBJC_BRIDGING_HEADER = "twilio-ios-voice-test/BridgingHeader.h";
				SWIFT_UPCOMING_FEATURE_MEMBER_IMPORT_VISIBILITY = YES;
				SWIFT_VERSION = 5.0;
				TARGETED_DEVICE_FAMILY = "1,2";
			};
			name = Release;
		};
		07B055252FD7E7F800CB702C /* Debug */ = {
			isa = XCBuildConfiguration;
			buildSettings = {
				BUNDLE_LOADER = "$(TEST_HOST)";
				CODE_SIGN_STYLE = Automatic;
				CURRENT_PROJECT_VERSION = 1;
				DEVELOPMENT_TEAM = 3F5UFH475Z;
				GENERATE_INFOPLIST_FILE = YES;
				IPHONEOS_DEPLOYMENT_TARGET = 17.0;
				MARKETING_VERSION = 1.0;
				PRODUCT_BUNDLE_IDENTIFIER = "com.yoshimura.twilio-ios-voice-testTests";
				PRODUCT_NAME = "$(TARGET_NAME)";
				STRING_CATALOG_GENERATE_SYMBOLS = NO;
				SWIFT_APPROACHABLE_CONCURRENCY = YES;
				SWIFT_EMIT_LOC_STRINGS = NO;
				SWIFT_UPCOMING_FEATURE_MEMBER_IMPORT_VISIBILITY = YES;
				SWIFT_VERSION = 5.0;
				TARGETED_DEVICE_FAMILY = "1,2";
				TEST_HOST = "$(BUILT_PRODUCTS_DIR)/twilio-ios-voice-test.app/$(BUNDLE_EXECUTABLE_FOLDER_PATH)/twilio-ios-voice-test";
			};
			name = Debug;
		};
		07B055262FD7E7F800CB702C /* Release */ = {
			isa = XCBuildConfiguration;
			buildSettings = {
				BUNDLE_LOADER = "$(TEST_HOST)";
				CODE_SIGN_STYLE = Automatic;
				CURRENT_PROJECT_VERSION = 1;
				DEVELOPMENT_TEAM = 3F5UFH475Z;
				GENERATE_INFOPLIST_FILE = YES;
				IPHONEOS_DEPLOYMENT_TARGET = 17.0;
				MARKETING_VERSION = 1.0;
				PRODUCT_BUNDLE_IDENTIFIER = "com.yoshimura.twilio-ios-voice-testTests";
				PRODUCT_NAME = "$(TARGET_NAME)";
				STRING_CATALOG_GENERATE_SYMBOLS = NO;
				SWIFT_APPROACHABLE_CONCURRENCY = YES;
				SWIFT_EMIT_LOC_STRINGS = NO;
				SWIFT_UPCOMING_FEATURE_MEMBER_IMPORT_VISIBILITY = YES;
				SWIFT_VERSION = 5.0;
				TARGETED_DEVICE_FAMILY = "1,2";
				TEST_HOST = "$(BUILT_PRODUCTS_DIR)/twilio-ios-voice-test.app/$(BUNDLE_EXECUTABLE_FOLDER_PATH)/twilio-ios-voice-test";
			};
			name = Release;
		};
		07B055282FD7E7F800CB702C /* Debug */ = {
			isa = XCBuildConfiguration;
			buildSettings = {
				CODE_SIGN_STYLE = Automatic;
				CURRENT_PROJECT_VERSION = 1;
				DEVELOPMENT_TEAM = 3F5UFH475Z;
				GENERATE_INFOPLIST_FILE = YES;
				MARKETING_VERSION = 1.0;
				PRODUCT_BUNDLE_IDENTIFIER = "com.yoshimura.twilio-ios-voice-testUITests";
				PRODUCT_NAME = "$(TARGET_NAME)";
				STRING_CATALOG_GENERATE_SYMBOLS = NO;
				SWIFT_APPROACHABLE_CONCURRENCY = YES;
				SWIFT_EMIT_LOC_STRINGS = NO;
				SWIFT_UPCOMING_FEATURE_MEMBER_IMPORT_VISIBILITY = YES;
				SWIFT_VERSION = 5.0;
				TARGETED_DEVICE_FAMILY = "1,2";
				TEST_TARGET_NAME = "twilio-ios-voice-test";
			};
			name = Debug;
		};
		07B055292FD7E7F800CB702C /* Release */ = {
			isa = XCBuildConfiguration;
			buildSettings = {
				CODE_SIGN_STYLE = Automatic;
				CURRENT_PROJECT_VERSION = 1;
				DEVELOPMENT_TEAM = 3F5UFH475Z;
				GENERATE_INFOPLIST_FILE = YES;
				MARKETING_VERSION = 1.0;
				PRODUCT_BUNDLE_IDENTIFIER = "com.yoshimura.twilio-ios-voice-testUITests";
				PRODUCT_NAME = "$(TARGET_NAME)";
				STRING_CATALOG_GENERATE_SYMBOLS = NO;
				SWIFT_APPROACHABLE_CONCURRENCY = YES;
				SWIFT_EMIT_LOC_STRINGS = NO;
				SWIFT_UPCOMING_FEATURE_MEMBER_IMPORT_VISIBILITY = YES;
				SWIFT_VERSION = 5.0;
				TARGETED_DEVICE_FAMILY = "1,2";
				TEST_TARGET_NAME = "twilio-ios-voice-test";
			};
			name = Release;
		};
/* End XCBuildConfiguration section */

/* Begin XCConfigurationList section */
		07B054FB2FD7E7F600CB702C /* Build configuration list for PBXProject "twilio-ios-voice-test" */ = {
			isa = XCConfigurationList;
			buildConfigurations = (
				07B0551F2FD7E7F800CB702C /* Debug */,
				07B055202FD7E7F800CB702C /* Release */,
			);
			defaultConfigurationIsVisible = 0;
			defaultConfigurationName = Release;
		};
		07B055212FD7E7F800CB702C /* Build configuration list for PBXNativeTarget "twilio-ios-voice-test" */ = {
			isa = XCConfigurationList;
			buildConfigurations = (
				07B055222FD7E7F800CB702C /* Debug */,
				07B055232FD7E7F800CB702C /* Release */,
			);
			defaultConfigurationIsVisible = 0;
			defaultConfigurationName = Release;
		};
		07B055242FD7E7F800CB702C /* Build configuration list for PBXNativeTarget "twilio-ios-voice-testTests" */ = {
			isa = XCConfigurationList;
			buildConfigurations = (
				07B055252FD7E7F800CB702C /* Debug */,
				07B055262FD7E7F800CB702C /* Release */,
			);
			defaultConfigurationIsVisible = 0;
			defaultConfigurationName = Release;
		};
		07B055272FD7E7F800CB702C /* Build configuration list for PBXNativeTarget "twilio-ios-voice-testUITests" */ = {
			isa = XCConfigurationList;
			buildConfigurations = (
				07B055282FD7E7F800CB702C /* Debug */,
				07B055292FD7E7F800CB702C /* Release */,
			);
			defaultConfigurationIsVisible = 0;
			defaultConfigurationName = Release;
		};
/* End XCConfigurationList section */

/* Begin XCRemoteSwiftPackageReference section */
		07B0552A2FD7EE2100CB702C /* XCRemoteSwiftPackageReference "twilio-voice-ios" */ = {
			isa = XCRemoteSwiftPackageReference;
			repositoryURL = "https://github.com/twilio/twilio-voice-ios";
			requirement = {
				kind = upToNextMajorVersion;
				minimumVersion = 6.13.0;
			};
		};
/* End XCRemoteSwiftPackageReference section */

/* Begin XCSwiftPackageProductDependency section */
		07B0552B2FD7EE2100CB702C /* TwilioVoice */ = {
			isa = XCSwiftPackageProductDependency;
			package = 07B0552A2FD7EE2100CB702C /* XCRemoteSwiftPackageReference "twilio-voice-ios" */;
			productName = TwilioVoice;
		};
/* End XCSwiftPackageProductDependency section */
	};
	rootObject = 07B054F82FD7E7F600CB702C /* Project object */;
}
